// !$*UTF8*$!
{
	archiveVersion = 1;
	classes = {
	};
	objectVersion = 56;
	objects = {

/* Begin PBXBuildFile section */
		5C0227C62C0F2BE100D04DF2 /* APIRequest.swift in Sources */ = {isa = PBXBuildFile; fileRef = 5C0227C52C0F2BE100D04DF2 /* APIRequest.swift */; };
		5C0227D72C0F31A900D04DF2 /* SwiftKeychainWrapper in Frameworks */ = {isa = PBXBuildFile; productRef = 5C0227D62C0F31A900D04DF2 /* SwiftKeychainWrapper */; };
		5C0227D92C0F34FA00D04DF2 /* SwiftKeychainWrapper in Frameworks */ = {isa = PBXBuildFile; productRef = 5C0227D82C0F34FA00D04DF2 /* SwiftKeychainWrapper */; };
		5C0227DB2C0F469E00D04DF2 /* APIError.swift in Sources */ = {isa = PBXBuildFile; fileRef = 5C0227DA2C0F469E00D04DF2 /* APIError.swift */; };
		5C0227DD2C0F46F500D04DF2 /* Auth.swift in Sources */ = {isa = PBXBuildFile; fileRef = 5C0227DC2C0F46F500D04DF2 /* Auth.swift */; };
		5C0227DF2C0F479000D04DF2 /* SignUpAction.swift in Sources */ = {isa = PBXBuildFile; fileRef = 5C0227DE2C0F479000D04DF2 /* SignUpAction.swift */; };
		5C0227E12C0F47D700D04DF2 /* SignUpViewModel.swift in Sources */ = {isa = PBXBuildFile; fileRef = 5C0227E02C0F47D700D04DF2 /* SignUpViewModel.swift */; };
		5C0227E32C0F47EF00D04DF2 /* SignUpRequest.swift in Sources */ = {isa = PBXBuildFile; fileRef = 5C0227E22C0F47EF00D04DF2 /* SignUpRequest.swift */; };
		5C0227E52C0F480300D04DF2 /* SignUpResponse.swift in Sources */ = {isa = PBXBuildFile; fileRef = 5C0227E42C0F480300D04DF2 /* SignUpResponse.swift */; };
		5C0227EA2C0F589900D04DF2 /* OTPAction.swift in Sources */ = {isa = PBXBuildFile; fileRef = 5C0227E92C0F589900D04DF2 /* OTPAction.swift */; };
		5C0227EC2C0F58AA00D04DF2 /* OTPViewModel.swift in Sources */ = {isa = PBXBuildFile; fileRef = 5C0227EB2C0F58AA00D04DF2 /* OTPViewModel.swift */; };
		5C0227EE2C0F58B900D04DF2 /* OTPRequest.swift in Sources */ = {isa = PBXBuildFile; fileRef = 5C0227ED2C0F58B900D04DF2 /* OTPRequest.swift */; };
		5C0227F02C0F599000D04DF2 /* OTPResponse.swift in Sources */ = {isa = PBXBuildFile; fileRef = 5C0227EF2C0F598F00D04DF2 /* OTPResponse.swift */; };
		5C0227F62C0F8E5D00D04DF2 /* LoginRequest.swift in Sources */ = {isa = PBXBuildFile; fileRef = 5C0227F52C0F8E5D00D04DF2 /* LoginRequest.swift */; };
		5C0227F82C0F8E6A00D04DF2 /* LoginResponse.swift in Sources */ = {isa = PBXBuildFile; fileRef = 5C0227F72C0F8E6A00D04DF2 /* LoginResponse.swift */; };
		5C0227FA2C0F915000D04DF2 /* LoginViewModel.swift in Sources */ = {isa = PBXBuildFile; fileRef = 5C0227F92C0F915000D04DF2 /* LoginViewModel.swift */; };
		5C0227FC2C0F91A400D04DF2 /* LoginAction.swift in Sources */ = {isa = PBXBuildFile; fileRef = 5C0227FB2C0F91A400D04DF2 /* LoginAction.swift */; };
		5C0228032C100EED00D04DF2 /* ForgotUsernameRequest.swift in Sources */ = {isa = PBXBuildFile; fileRef = 5C0228022C100EED00D04DF2 /* ForgotUsernameRequest.swift */; };
		5C0228052C100EFA00D04DF2 /* ForgotUsernameResponse.swift in Sources */ = {isa = PBXBuildFile; fileRef = 5C0228042C100EFA00D04DF2 /* ForgotUsernameResponse.swift */; };
		5C0228072C100F1200D04DF2 /* ForgotUsernameAction.swift in Sources */ = {isa = PBXBuildFile; fileRef = 5C0228062C100F1200D04DF2 /* ForgotUsernameAction.swift */; };
		5C02280A2C100F2800D04DF2 /* ForgotUsernameViewModel.swift in Sources */ = {isa = PBXBuildFile; fileRef = 5C0228092C100F2800D04DF2 /* ForgotUsernameViewModel.swift */; };
		5C0CE7502C1392AC00EBD8B4 /* GetSongAction.swift in Sources */ = {isa = PBXBuildFile; fileRef = 5C0CE74F2C1392AC00EBD8B4 /* GetSongAction.swift */; };
		5C0CE7522C13934C00EBD8B4 /* SongDetailRequest.swift in Sources */ = {isa = PBXBuildFile; fileRef = 5C0CE7512C13934C00EBD8B4 /* SongDetailRequest.swift */; };
		5C0CE7562C13A24800EBD8B4 /* SearchBarView.swift in Sources */ = {isa = PBXBuildFile; fileRef = 5C0CE7552C13A24700EBD8B4 /* SearchBarView.swift */; };
		5C0CE7582C13A76700EBD8B4 /* GlobalSongViewModel.swift in Sources */ = {isa = PBXBuildFile; fileRef = 5C0CE7572C13A76600EBD8B4 /* GlobalSongViewModel.swift */; };
		5C0CE75A2C13B10600EBD8B4 /* CurrentSongViewModel.swift in Sources */ = {isa = PBXBuildFile; fileRef = 5C0CE7592C13B10600EBD8B4 /* CurrentSongViewModel.swift */; };
		5C2474822C099EC400B35058 /* LanguageSelectionScreen.swift in Sources */ = {isa = PBXBuildFile; fileRef = 5C2474812C099EC400B35058 /* LanguageSelectionScreen.swift */; };
		5C2474852C09DE4800B35058 /* GetBoundsWidget.swift in Sources */ = {isa = PBXBuildFile; fileRef = 5C2474842C09DE4800B35058 /* GetBoundsWidget.swift */; };
		5C2474872C09F42700B35058 /* ArtistSelectionScreen.swift in Sources */ = {isa = PBXBuildFile; fileRef = 5C2474862C09F42700B35058 /* ArtistSelectionScreen.swift */; };
		5C2799E12C13260900E81D5C /* MainView.swift in Sources */ = {isa = PBXBuildFile; fileRef = 5C2799E02C13260900E81D5C /* MainView.swift */; };
		5C2799E32C132E5300E81D5C /* SearchScreen.swift in Sources */ = {isa = PBXBuildFile; fileRef = 5C2799E22C132E5300E81D5C /* SearchScreen.swift */; };
		5C2799E52C13302200E81D5C /* SongSeachViewModel.swift in Sources */ = {isa = PBXBuildFile; fileRef = 5C2799E42C13302200E81D5C /* SongSeachViewModel.swift */; };
		5C2799E72C1330BB00E81D5C /* SongSeachAction.swift in Sources */ = {isa = PBXBuildFile; fileRef = 5C2799E62C1330BB00E81D5C /* SongSeachAction.swift */; };
		5C2799E92C1331E800E81D5C /* SongHorizontalView.swift in Sources */ = {isa = PBXBuildFile; fileRef = 5C2799E82C1331E800E81D5C /* SongHorizontalView.swift */; };
		5C2799EB2C13486200E81D5C /* MusicPlayerManager.swift in Sources */ = {isa = PBXBuildFile; fileRef = 5C2799EA2C13486200E81D5C /* MusicPlayerManager.swift */; };
		5C7280902C11C72D00BA9534 /* SongModel.swift in Sources */ = {isa = PBXBuildFile; fileRef = 5C72808F2C11C72D00BA9534 /* SongModel.swift */; };
		5C7280922C11C74400BA9534 /* SongResponse.swift in Sources */ = {isa = PBXBuildFile; fileRef = 5C7280912C11C74400BA9534 /* SongResponse.swift */; };
		5C7280952C11C7A500BA9534 /* PublicSongsAction.swift in Sources */ = {isa = PBXBuildFile; fileRef = 5C7280942C11C7A500BA9534 /* PublicSongsAction.swift */; };
		5C7280972C11C91800BA9534 /* SongRequest.swift in Sources */ = {isa = PBXBuildFile; fileRef = 5C7280962C11C91800BA9534 /* SongRequest.swift */; };
		5C72809A2C11CDC800BA9534 /* NetworkImage in Frameworks */ = {isa = PBXBuildFile; productRef = 5C7280992C11CDC800BA9534 /* NetworkImage */; };
		5C72809C2C11D14F00BA9534 /* NetworkImage.swift in Sources */ = {isa = PBXBuildFile; fileRef = 5C72809B2C11D14F00BA9534 /* NetworkImage.swift */; };
		5C7280A12C11DE5300BA9534 /* HorizontalSongsView.swift in Sources */ = {isa = PBXBuildFile; fileRef = 5C7280A02C11DE5300BA9534 /* HorizontalSongsView.swift */; };
		5C7280A32C11E37400BA9534 /* SongCardView.swift in Sources */ = {isa = PBXBuildFile; fileRef = 5C7280A22C11E37400BA9534 /* SongCardView.swift */; };
		5C7280A62C12148E00BA9534 /* PageView in Frameworks */ = {isa = PBXBuildFile; productRef = 5C7280A52C12148E00BA9534 /* PageView */; };
		5C7280A82C12159200BA9534 /* SliderPageView.swift in Sources */ = {isa = PBXBuildFile; fileRef = 5C7280A72C12159200BA9534 /* SliderPageView.swift */; };
		5C78B8A52C006A36009AD656 /* SoundlyApp.swift in Sources */ = {isa = PBXBuildFile; fileRef = 5C78B8A42C006A36009AD656 /* SoundlyApp.swift */; };
		5C78B8A72C006A36009AD656 /* ContentView.swift in Sources */ = {isa = PBXBuildFile; fileRef = 5C78B8A62C006A36009AD656 /* ContentView.swift */; };
		5C78B8A92C006A38009AD656 /* Assets.xcassets in Resources */ = {isa = PBXBuildFile; fileRef = 5C78B8A82C006A38009AD656 /* Assets.xcassets */; };
		5C78B8AC2C006A38009AD656 /* Preview Assets.xcassets in Resources */ = {isa = PBXBuildFile; fileRef = 5C78B8AB2C006A38009AD656 /* Preview Assets.xcassets */; };
		5C78B8B92C007251009AD656 /* GetStartedScreen.swift in Sources */ = {isa = PBXBuildFile; fileRef = 5C78B8B82C007251009AD656 /* GetStartedScreen.swift */; };
		5C78B8BD2C00C0F9009AD656 /* SIgnUpScreen.swift in Sources */ = {isa = PBXBuildFile; fileRef = 5C78B8BC2C00C0F9009AD656 /* SIgnUpScreen.swift */; };
		5CB7C8E72C083292001B8F15 /* LoginScreen.swift in Sources */ = {isa = PBXBuildFile; fileRef = 5CB7C8E62C083291001B8F15 /* LoginScreen.swift */; };
		5CB7C8E92C08350A001B8F15 /* ForgotUsername.swift in Sources */ = {isa = PBXBuildFile; fileRef = 5CB7C8E82C08350A001B8F15 /* ForgotUsername.swift */; };
		5CB7C8ED2C08398F001B8F15 /* OTPScreen.swift in Sources */ = {isa = PBXBuildFile; fileRef = 5CB7C8EC2C08398F001B8F15 /* OTPScreen.swift */; };
		5CBEADE42C0D9AE0001C1E02 /* ArtistSelectionModel.swift in Sources */ = {isa = PBXBuildFile; fileRef = 5CBEADE32C0D9AE0001C1E02 /* ArtistSelectionModel.swift */; };
		5CBEADE72C0DCF92001C1E02 /* HomePageScreen.swift in Sources */ = {isa = PBXBuildFile; fileRef = 5CBEADE62C0DCF92001C1E02 /* HomePageScreen.swift */; };
		5CBEADEA2C0DD5D2001C1E02 /* SliderView.swift in Sources */ = {isa = PBXBuildFile; fileRef = 5CBEADE92C0DD5D2001C1E02 /* SliderView.swift */; };
		5CD9D9232C12300E00C46159 /* SliderAlbumModel.swift in Sources */ = {isa = PBXBuildFile; fileRef = 5CD9D9222C12300D00C46159 /* SliderAlbumModel.swift */; };
		5CD9D9252C1232F500C46159 /* ShimmerView.swift in Sources */ = {isa = PBXBuildFile; fileRef = 5CD9D9242C1232F500C46159 /* ShimmerView.swift */; };
		5CD9D9272C12452000C46159 /* HorizontalSongViewModel.swift in Sources */ = {isa = PBXBuildFile; fileRef = 5CD9D9262C12452000C46159 /* HorizontalSongViewModel.swift */; };
		5CD9D9292C12557E00C46159 /* SongSheetView.swift in Sources */ = {isa = PBXBuildFile; fileRef = 5CD9D9282C12557E00C46159 /* SongSheetView.swift */; };
		5CD9D92B2C1255BE00C46159 /* PlayerControls.swift in Sources */ = {isa = PBXBuildFile; fileRef = 5CD9D92A2C1255BE00C46159 /* PlayerControls.swift */; };
		5CD9D92D2C1255F200C46159 /* SongDataModel.swift in Sources */ = {isa = PBXBuildFile; fileRef = 5CD9D92C2C1255F200C46159 /* SongDataModel.swift */; };
		5CD9D92F2C12560E00C46159 /* SongDetailsResponse.swift in Sources */ = {isa = PBXBuildFile; fileRef = 5CD9D92E2C12560E00C46159 /* SongDetailsResponse.swift */; };
/* End PBXBuildFile section */

/* Begin PBXBuildRule section */
		5C72809D2C11DA7100BA9534 /* PBXBuildRule */ = {
			isa = PBXBuildRule;
			compilerSpec = com.apple.compilers.proxy.script;
			fileType = pattern.proxy;
			inputFiles = (
			);
			isEditable = 1;
			outputFiles = (
			);
			script = "# Type a script or drag a script file from your workspace to insert its path.\n";
		};
		5C72809E2C11DA7A00BA9534 /* PBXBuildRule */ = {
			isa = PBXBuildRule;
			compilerSpec = com.apple.compilers.proxy.script;
			fileType = pattern.proxy;
			inputFiles = (
			);
			isEditable = 1;
			outputFiles = (
			);
			script = "# Type a script or drag a script file from your workspace to insert its path.\n";
		};
/* End PBXBuildRule section */

/* Begin PBXFileReference section */
		5C0227C52C0F2BE100D04DF2 /* APIRequest.swift */ = {isa = PBXFileReference; lastKnownFileType = sourcecode.swift; path = APIRequest.swift; sourceTree = "<group>"; };
		5C0227DA2C0F469E00D04DF2 /* APIError.swift */ = {isa = PBXFileReference; lastKnownFileType = sourcecode.swift; path = APIError.swift; sourceTree = "<group>"; };
		5C0227DC2C0F46F500D04DF2 /* Auth.swift */ = {isa = PBXFileReference; lastKnownFileType = sourcecode.swift; path = Auth.swift; sourceTree = "<group>"; };
		5C0227DE2C0F479000D04DF2 /* SignUpAction.swift */ = {isa = PBXFileReference; lastKnownFileType = sourcecode.swift; path = SignUpAction.swift; sourceTree = "<group>"; };
		5C0227E02C0F47D700D04DF2 /* SignUpViewModel.swift */ = {isa = PBXFileReference; lastKnownFileType = sourcecode.swift; path = SignUpViewModel.swift; sourceTree = "<group>"; };
		5C0227E22C0F47EF00D04DF2 /* SignUpRequest.swift */ = {isa = PBXFileReference; lastKnownFileType = sourcecode.swift; path = SignUpRequest.swift; sourceTree = "<group>"; };
		5C0227E42C0F480300D04DF2 /* SignUpResponse.swift */ = {isa = PBXFileReference; lastKnownFileType = sourcecode.swift; path = SignUpResponse.swift; sourceTree = "<group>"; };
		5C0227E92C0F589900D04DF2 /* OTPAction.swift */ = {isa = PBXFileReference; lastKnownFileType = sourcecode.swift; path = OTPAction.swift; sourceTree = "<group>"; };
		5C0227EB2C0F58AA00D04DF2 /* OTPViewModel.swift */ = {isa = PBXFileReference; lastKnownFileType = sourcecode.swift; path = OTPViewModel.swift; sourceTree = "<group>"; };
		5C0227ED2C0F58B900D04DF2 /* OTPRequest.swift */ = {isa = PBXFileReference; lastKnownFileType = sourcecode.swift; path = OTPRequest.swift; sourceTree = "<group>"; };
		5C0227EF2C0F598F00D04DF2 /* OTPResponse.swift */ = {isa = PBXFileReference; lastKnownFileType = sourcecode.swift; path = OTPResponse.swift; sourceTree = "<group>"; };
		5C0227F52C0F8E5D00D04DF2 /* LoginRequest.swift */ = {isa = PBXFileReference; lastKnownFileType = sourcecode.swift; path = LoginRequest.swift; sourceTree = "<group>"; };
		5C0227F72C0F8E6A00D04DF2 /* LoginResponse.swift */ = {isa = PBXFileReference; lastKnownFileType = sourcecode.swift; path = LoginResponse.swift; sourceTree = "<group>"; };
		5C0227F92C0F915000D04DF2 /* LoginViewModel.swift */ = {isa = PBXFileReference; lastKnownFileType = sourcecode.swift; path = LoginViewModel.swift; sourceTree = "<group>"; };
		5C0227FB2C0F91A400D04DF2 /* LoginAction.swift */ = {isa = PBXFileReference; lastKnownFileType = sourcecode.swift; path = LoginAction.swift; sourceTree = "<group>"; };
		5C0228022C100EED00D04DF2 /* ForgotUsernameRequest.swift */ = {isa = PBXFileReference; lastKnownFileType = sourcecode.swift; path = ForgotUsernameRequest.swift; sourceTree = "<group>"; };
		5C0228042C100EFA00D04DF2 /* ForgotUsernameResponse.swift */ = {isa = PBXFileReference; lastKnownFileType = sourcecode.swift; path = ForgotUsernameResponse.swift; sourceTree = "<group>"; };
		5C0228062C100F1200D04DF2 /* ForgotUsernameAction.swift */ = {isa = PBXFileReference; lastKnownFileType = sourcecode.swift; path = ForgotUsernameAction.swift; sourceTree = "<group>"; };
		5C0228092C100F2800D04DF2 /* ForgotUsernameViewModel.swift */ = {isa = PBXFileReference; lastKnownFileType = sourcecode.swift; path = ForgotUsernameViewModel.swift; sourceTree = "<group>"; };
		5C0CE74F2C1392AC00EBD8B4 /* GetSongAction.swift */ = {isa = PBXFileReference; lastKnownFileType = sourcecode.swift; path = GetSongAction.swift; sourceTree = "<group>"; };
		5C0CE7512C13934C00EBD8B4 /* SongDetailRequest.swift */ = {isa = PBXFileReference; lastKnownFileType = sourcecode.swift; path = SongDetailRequest.swift; sourceTree = "<group>"; };
		5C0CE7552C13A24700EBD8B4 /* SearchBarView.swift */ = {isa = PBXFileReference; lastKnownFileType = sourcecode.swift; path = SearchBarView.swift; sourceTree = "<group>"; };
		5C0CE7572C13A76600EBD8B4 /* GlobalSongViewModel.swift */ = {isa = PBXFileReference; lastKnownFileType = sourcecode.swift; path = GlobalSongViewModel.swift; sourceTree = "<group>"; };
		5C0CE7592C13B10600EBD8B4 /* CurrentSongViewModel.swift */ = {isa = PBXFileReference; lastKnownFileType = sourcecode.swift; path = CurrentSongViewModel.swift; sourceTree = "<group>"; };
		5C2474812C099EC400B35058 /* LanguageSelectionScreen.swift */ = {isa = PBXFileReference; lastKnownFileType = sourcecode.swift; path = LanguageSelectionScreen.swift; sourceTree = "<group>"; };
		5C2474842C09DE4800B35058 /* GetBoundsWidget.swift */ = {isa = PBXFileReference; lastKnownFileType = sourcecode.swift; path = GetBoundsWidget.swift; sourceTree = "<group>"; };
		5C2474862C09F42700B35058 /* ArtistSelectionScreen.swift */ = {isa = PBXFileReference; lastKnownFileType = sourcecode.swift; path = ArtistSelectionScreen.swift; sourceTree = "<group>"; };
		5C2799E02C13260900E81D5C /* MainView.swift */ = {isa = PBXFileReference; lastKnownFileType = sourcecode.swift; path = MainView.swift; sourceTree = "<group>"; };
		5C2799E22C132E5300E81D5C /* SearchScreen.swift */ = {isa = PBXFileReference; lastKnownFileType = sourcecode.swift; path = SearchScreen.swift; sourceTree = "<group>"; };
		5C2799E42C13302200E81D5C /* SongSeachViewModel.swift */ = {isa = PBXFileReference; lastKnownFileType = sourcecode.swift; path = SongSeachViewModel.swift; sourceTree = "<group>"; };
		5C2799E62C1330BB00E81D5C /* SongSeachAction.swift */ = {isa = PBXFileReference; lastKnownFileType = sourcecode.swift; path = SongSeachAction.swift; sourceTree = "<group>"; };
		5C2799E82C1331E800E81D5C /* SongHorizontalView.swift */ = {isa = PBXFileReference; lastKnownFileType = sourcecode.swift; path = SongHorizontalView.swift; sourceTree = "<group>"; };
		5C2799EA2C13486200E81D5C /* MusicPlayerManager.swift */ = {isa = PBXFileReference; lastKnownFileType = sourcecode.swift; path = MusicPlayerManager.swift; sourceTree = "<group>"; };
		5C72808F2C11C72D00BA9534 /* SongModel.swift */ = {isa = PBXFileReference; lastKnownFileType = sourcecode.swift; path = SongModel.swift; sourceTree = "<group>"; };
		5C7280912C11C74400BA9534 /* SongResponse.swift */ = {isa = PBXFileReference; lastKnownFileType = sourcecode.swift; path = SongResponse.swift; sourceTree = "<group>"; };
		5C7280942C11C7A500BA9534 /* PublicSongsAction.swift */ = {isa = PBXFileReference; lastKnownFileType = sourcecode.swift; path = PublicSongsAction.swift; sourceTree = "<group>"; };
		5C7280962C11C91800BA9534 /* SongRequest.swift */ = {isa = PBXFileReference; lastKnownFileType = sourcecode.swift; path = SongRequest.swift; sourceTree = "<group>"; };
		5C72809B2C11D14F00BA9534 /* NetworkImage.swift */ = {isa = PBXFileReference; lastKnownFileType = sourcecode.swift; path = NetworkImage.swift; sourceTree = "<group>"; };
		5C72809F2C11DB9600BA9534 /* Info.plist */ = {isa = PBXFileReference; lastKnownFileType = text.plist; path = Info.plist; sourceTree = "<group>"; };
		5C7280A02C11DE5300BA9534 /* HorizontalSongsView.swift */ = {isa = PBXFileReference; lastKnownFileType = sourcecode.swift; path = HorizontalSongsView.swift; sourceTree = "<group>"; };
		5C7280A22C11E37400BA9534 /* SongCardView.swift */ = {isa = PBXFileReference; lastKnownFileType = sourcecode.swift; path = SongCardView.swift; sourceTree = "<group>"; };
		5C7280A72C12159200BA9534 /* SliderPageView.swift */ = {isa = PBXFileReference; lastKnownFileType = sourcecode.swift; path = SliderPageView.swift; sourceTree = "<group>"; };
		5C78B8A12C006A36009AD656 /* Soundly.app */ = {isa = PBXFileReference; explicitFileType = wrapper.application; includeInIndex = 0; path = Soundly.app; sourceTree = BUILT_PRODUCTS_DIR; };
		5C78B8A42C006A36009AD656 /* SoundlyApp.swift */ = {isa = PBXFileReference; lastKnownFileType = sourcecode.swift; path = SoundlyApp.swift; sourceTree = "<group>"; };
		5C78B8A62C006A36009AD656 /* ContentView.swift */ = {isa = PBXFileReference; lastKnownFileType = sourcecode.swift; path = ContentView.swift; sourceTree = "<group>"; };
		5C78B8A82C006A38009AD656 /* Assets.xcassets */ = {isa = PBXFileReference; lastKnownFileType = folder.assetcatalog; path = Assets.xcassets; sourceTree = "<group>"; };
		5C78B8AB2C006A38009AD656 /* Preview Assets.xcassets */ = {isa = PBXFileReference; lastKnownFileType = folder.assetcatalog; path = "Preview Assets.xcassets"; sourceTree = "<group>"; };
		5C78B8B82C007251009AD656 /* GetStartedScreen.swift */ = {isa = PBXFileReference; lastKnownFileType = sourcecode.swift; path = GetStartedScreen.swift; sourceTree = "<group>"; };
		5C78B8BC2C00C0F9009AD656 /* SIgnUpScreen.swift */ = {isa = PBXFileReference; lastKnownFileType = sourcecode.swift; path = SIgnUpScreen.swift; sourceTree = "<group>"; };
		5CB7C8E62C083291001B8F15 /* LoginScreen.swift */ = {isa = PBXFileReference; lastKnownFileType = sourcecode.swift; path = LoginScreen.swift; sourceTree = "<group>"; };
		5CB7C8E82C08350A001B8F15 /* ForgotUsername.swift */ = {isa = PBXFileReference; lastKnownFileType = sourcecode.swift; path = ForgotUsername.swift; sourceTree = "<group>"; };
		5CB7C8EC2C08398F001B8F15 /* OTPScreen.swift */ = {isa = PBXFileReference; lastKnownFileType = sourcecode.swift; path = OTPScreen.swift; sourceTree = "<group>"; };
		5CBEADE32C0D9AE0001C1E02 /* ArtistSelectionModel.swift */ = {isa = PBXFileReference; lastKnownFileType = sourcecode.swift; path = ArtistSelectionModel.swift; sourceTree = "<group>"; };
		5CBEADE62C0DCF92001C1E02 /* HomePageScreen.swift */ = {isa = PBXFileReference; lastKnownFileType = sourcecode.swift; path = HomePageScreen.swift; sourceTree = "<group>"; };
		5CBEADE92C0DD5D2001C1E02 /* SliderView.swift */ = {isa = PBXFileReference; lastKnownFileType = sourcecode.swift; path = SliderView.swift; sourceTree = "<group>"; };
		5CD9D9222C12300D00C46159 /* SliderAlbumModel.swift */ = {isa = PBXFileReference; lastKnownFileType = sourcecode.swift; path = SliderAlbumModel.swift; sourceTree = "<group>"; };
		5CD9D9242C1232F500C46159 /* ShimmerView.swift */ = {isa = PBXFileReference; lastKnownFileType = sourcecode.swift; path = ShimmerView.swift; sourceTree = "<group>"; };
		5CD9D9262C12452000C46159 /* HorizontalSongViewModel.swift */ = {isa = PBXFileReference; lastKnownFileType = sourcecode.swift; path = HorizontalSongViewModel.swift; sourceTree = "<group>"; };
		5CD9D9282C12557E00C46159 /* SongSheetView.swift */ = {isa = PBXFileReference; lastKnownFileType = sourcecode.swift; path = SongSheetView.swift; sourceTree = "<group>"; };
		5CD9D92A2C1255BE00C46159 /* PlayerControls.swift */ = {isa = PBXFileReference; lastKnownFileType = sourcecode.swift; path = PlayerControls.swift; sourceTree = "<group>"; };
		5CD9D92C2C1255F200C46159 /* SongDataModel.swift */ = {isa = PBXFileReference; lastKnownFileType = sourcecode.swift; path = SongDataModel.swift; sourceTree = "<group>"; };
		5CD9D92E2C12560E00C46159 /* SongDetailsResponse.swift */ = {isa = PBXFileReference; lastKnownFileType = sourcecode.swift; path = SongDetailsResponse.swift; sourceTree = "<group>"; };
/* End PBXFileReference section */

/* Begin PBXFrameworksBuildPhase section */
		5C78B89E2C006A36009AD656 /* Frameworks */ = {
			isa = PBXFrameworksBuildPhase;
			buildActionMask = 2147483647;
			files = (
				5C7280A62C12148E00BA9534 /* PageView in Frameworks */,
				5C72809A2C11CDC800BA9534 /* NetworkImage in Frameworks */,
				5C0227D92C0F34FA00D04DF2 /* SwiftKeychainWrapper in Frameworks */,
				5C0227D72C0F31A900D04DF2 /* SwiftKeychainWrapper in Frameworks */,
			);
			runOnlyForDeploymentPostprocessing = 0;
		};
/* End PBXFrameworksBuildPhase section */

/* Begin PBXGroup section */
		5C0227BF2C0F2B8000D04DF2 /* Models */ = {
			isa = PBXGroup;
			children = (
				5C0227E22C0F47EF00D04DF2 /* SignUpRequest.swift */,
				5C0227E42C0F480300D04DF2 /* SignUpResponse.swift */,
			);
			path = Models;
			sourceTree = "<group>";
		};
		5C0227C02C0F2B8500D04DF2 /* ViewModels */ = {
			isa = PBXGroup;
			children = (
				5C0227E02C0F47D700D04DF2 /* SignUpViewModel.swift */,
			);
			path = ViewModels;
			sourceTree = "<group>";
		};
		5C0227C12C0F2B9900D04DF2 /* Actions */ = {
			isa = PBXGroup;
			children = (
				5C0227DE2C0F479000D04DF2 /* SignUpAction.swift */,
			);
			path = Actions;
			sourceTree = "<group>";
		};
		5C0227C22C0F2BB000D04DF2 /* Utilities */ = {
			isa = PBXGroup;
			children = (
				5C0227C52C0F2BE100D04DF2 /* APIRequest.swift */,
				5C0227DA2C0F469E00D04DF2 /* APIError.swift */,
				5C0227DC2C0F46F500D04DF2 /* Auth.swift */,
				5C2799EA2C13486200E81D5C /* MusicPlayerManager.swift */,
			);
			path = Utilities;
			sourceTree = "<group>";
		};
		5C0227E62C0F550900D04DF2 /* Models */ = {
			isa = PBXGroup;
			children = (
				5C0227ED2C0F58B900D04DF2 /* OTPRequest.swift */,
				5C0227EF2C0F598F00D04DF2 /* OTPResponse.swift */,
			);
			path = Models;
			sourceTree = "<group>";
		};
		5C0227E72C0F551F00D04DF2 /* ViewModels */ = {
			isa = PBXGroup;
			children = (
				5C0227EB2C0F58AA00D04DF2 /* OTPViewModel.swift */,
			);
			path = ViewModels;
			sourceTree = "<group>";
		};
		5C0227E82C0F552B00D04DF2 /* Actions */ = {
			isa = PBXGroup;
			children = (
				5C0227E92C0F589900D04DF2 /* OTPAction.swift */,
			);
			path = Actions;
			sourceTree = "<group>";
		};
		5C0227F22C0F8E2400D04DF2 /* Models */ = {
			isa = PBXGroup;
			children = (
				5C0227F52C0F8E5D00D04DF2 /* LoginRequest.swift */,
				5C0227F72C0F8E6A00D04DF2 /* LoginResponse.swift */,
			);
			path = Models;
			sourceTree = "<group>";
		};
		5C0227F32C0F8E2B00D04DF2 /* ViewModels */ = {
			isa = PBXGroup;
			children = (
				5C0227F92C0F915000D04DF2 /* LoginViewModel.swift */,
			);
			path = ViewModels;
			sourceTree = "<group>";
		};
		5C0227F42C0F8E3800D04DF2 /* Actions */ = {
			isa = PBXGroup;
			children = (
				5C0227FB2C0F91A400D04DF2 /* LoginAction.swift */,
			);
			path = Actions;
			sourceTree = "<group>";
		};
		5C0227FD2C100E5700D04DF2 /* ForgotUsername */ = {
			isa = PBXGroup;
			children = (
				5C0228012C100E7A00D04DF2 /* Actions */,
				5C0228002C100E7000D04DF2 /* ViewModels */,
				5C0227FF2C100E6B00D04DF2 /* Models */,
				5C0227FE2C100E6300D04DF2 /* Screens */,
			);
			path = ForgotUsername;
			sourceTree = "<group>";
		};
		5C0227FE2C100E6300D04DF2 /* Screens */ = {
			isa = PBXGroup;
			children = (
				5CB7C8E82C08350A001B8F15 /* ForgotUsername.swift */,
			);
			path = Screens;
			sourceTree = "<group>";
		};
		5C0227FF2C100E6B00D04DF2 /* Models */ = {
			isa = PBXGroup;
			children = (
				5C0228022C100EED00D04DF2 /* ForgotUsernameRequest.swift */,
				5C0228042C100EFA00D04DF2 /* ForgotUsernameResponse.swift */,
			);
			path = Models;
			sourceTree = "<group>";
		};
		5C0228002C100E7000D04DF2 /* ViewModels */ = {
			isa = PBXGroup;
			children = (
				5C0228092C100F2800D04DF2 /* ForgotUsernameViewModel.swift */,
			);
			path = ViewModels;
			sourceTree = "<group>";
		};
		5C0228012C100E7A00D04DF2 /* Actions */ = {
			isa = PBXGroup;
			children = (
				5C0228062C100F1200D04DF2 /* ForgotUsernameAction.swift */,
			);
			path = Actions;
			sourceTree = "<group>";
		};
		5C24747F2C099A0500B35058 /* Setup */ = {
			isa = PBXGroup;
			children = (
				5CBEADE22C0D9AC9001C1E02 /* Models */,
				5C2474802C099A1700B35058 /* Screens */,
			);
			path = Setup;
			sourceTree = "<group>";
		};
		5C2474802C099A1700B35058 /* Screens */ = {
			isa = PBXGroup;
			children = (
				5C2474812C099EC400B35058 /* LanguageSelectionScreen.swift */,
				5C2474862C09F42700B35058 /* ArtistSelectionScreen.swift */,
			);
			path = Screens;
			sourceTree = "<group>";
		};
		5C2474832C09DE2B00B35058 /* Commons */ = {
			isa = PBXGroup;
			children = (
				5C2474842C09DE4800B35058 /* GetBoundsWidget.swift */,
				5C72809B2C11D14F00BA9534 /* NetworkImage.swift */,
			);
			path = Commons;
			sourceTree = "<group>";
		};
		5C72808C2C11C67A00BA9534 /* Models */ = {
			isa = PBXGroup;
			children = (
				5C72808F2C11C72D00BA9534 /* SongModel.swift */,
				5C7280912C11C74400BA9534 /* SongResponse.swift */,
				5C7280962C11C91800BA9534 /* SongRequest.swift */,
				5CD9D9222C12300D00C46159 /* SliderAlbumModel.swift */,
				5CD9D92C2C1255F200C46159 /* SongDataModel.swift */,
				5CD9D92E2C12560E00C46159 /* SongDetailsResponse.swift */,
				5C0CE7512C13934C00EBD8B4 /* SongDetailRequest.swift */,
			);
			path = Models;
			sourceTree = "<group>";
		};
		5C72808D2C11C67F00BA9534 /* ViewModels */ = {
			isa = PBXGroup;
			children = (
				5CD9D9262C12452000C46159 /* HorizontalSongViewModel.swift */,
				5C2799E42C13302200E81D5C /* SongSeachViewModel.swift */,
				5C0CE7572C13A76600EBD8B4 /* GlobalSongViewModel.swift */,
				5C0CE7592C13B10600EBD8B4 /* CurrentSongViewModel.swift */,
			);
			path = ViewModels;
			sourceTree = "<group>";
		};
		5C72808E2C11C68500BA9534 /* Action */ = {
			isa = PBXGroup;
			children = (
				5C7280942C11C7A500BA9534 /* PublicSongsAction.swift */,
				5C2799E62C1330BB00E81D5C /* SongSeachAction.swift */,
				5C0CE74F2C1392AC00EBD8B4 /* GetSongAction.swift */,
			);
			path = Action;
			sourceTree = "<group>";
		};
		5C78B8982C006A36009AD656 = {
			isa = PBXGroup;
			children = (
				5C78B8A32C006A36009AD656 /* Soundly */,
				5C78B8A22C006A36009AD656 /* Products */,
			);
			sourceTree = "<group>";
		};
		5C78B8A22C006A36009AD656 /* Products */ = {
			isa = PBXGroup;
			children = (
				5C78B8A12C006A36009AD656 /* Soundly.app */,
			);
			name = Products;
			sourceTree = "<group>";
		};
		5C78B8A32C006A36009AD656 /* Soundly */ = {
			isa = PBXGroup;
			children = (
				5C72809F2C11DB9600BA9534 /* Info.plist */,
				5C0227C22C0F2BB000D04DF2 /* Utilities */,
				5C78B8B22C0070A6009AD656 /* Features */,
				5C78B8A42C006A36009AD656 /* SoundlyApp.swift */,
				5C78B8A62C006A36009AD656 /* ContentView.swift */,
				5C78B8A82C006A38009AD656 /* Assets.xcassets */,
				5C78B8AA2C006A38009AD656 /* Preview Content */,
			);
			path = Soundly;
			sourceTree = "<group>";
		};
		5C78B8AA2C006A38009AD656 /* Preview Content */ = {
			isa = PBXGroup;
			children = (
				5C78B8AB2C006A38009AD656 /* Preview Assets.xcassets */,
			);
			path = "Preview Content";
			sourceTree = "<group>";
		};
		5C78B8B22C0070A6009AD656 /* Features */ = {
			isa = PBXGroup;
			children = (
				5CBEADE52C0DCF0C001C1E02 /* HomePage */,
				5C24747F2C099A0500B35058 /* Setup */,
				5C78B8B32C007121009AD656 /* Auth */,
			);
			path = Features;
			sourceTree = "<group>";
		};
		5C78B8B32C007121009AD656 /* Auth */ = {
			isa = PBXGroup;
			children = (
				5C0227FD2C100E5700D04DF2 /* ForgotUsername */,
				5CB7C8EA2C083961001B8F15 /* OTP */,
				5CB7C8E42C08326E001B8F15 /* Login */,
				5C78B8BA2C00C0CA009AD656 /* SignUp */,
				5C78B8B42C007154009AD656 /* GetStarted */,
			);
			path = Auth;
			sourceTree = "<group>";
		};
		5C78B8B42C007154009AD656 /* GetStarted */ = {
			isa = PBXGroup;
			children = (
				5C78B8B52C007181009AD656 /* Screens */,
			);
			path = GetStarted;
			sourceTree = "<group>";
		};
		5C78B8B52C007181009AD656 /* Screens */ = {
			isa = PBXGroup;
			children = (
				5C78B8B82C007251009AD656 /* GetStartedScreen.swift */,
			);
			path = Screens;
			sourceTree = "<group>";
		};
		5C78B8BA2C00C0CA009AD656 /* SignUp */ = {
			isa = PBXGroup;
			children = (
				5C0227C12C0F2B9900D04DF2 /* Actions */,
				5C0227C02C0F2B8500D04DF2 /* ViewModels */,
				5C0227BF2C0F2B8000D04DF2 /* Models */,
				5C78B8BB2C00C0D9009AD656 /* Screens */,
			);
			path = SignUp;
			sourceTree = "<group>";
		};
		5C78B8BB2C00C0D9009AD656 /* Screens */ = {
			isa = PBXGroup;
			children = (
				5C78B8BC2C00C0F9009AD656 /* SIgnUpScreen.swift */,
			);
			path = Screens;
			sourceTree = "<group>";
		};
		5CB7C8E42C08326E001B8F15 /* Login */ = {
			isa = PBXGroup;
			children = (
				5C0227F42C0F8E3800D04DF2 /* Actions */,
				5C0227F32C0F8E2B00D04DF2 /* ViewModels */,
				5C0227F22C0F8E2400D04DF2 /* Models */,
				5CB7C8E52C08327B001B8F15 /* Screens */,
			);
			path = Login;
			sourceTree = "<group>";
		};
		5CB7C8E52C08327B001B8F15 /* Screens */ = {
			isa = PBXGroup;
			children = (
				5CB7C8E62C083291001B8F15 /* LoginScreen.swift */,
			);
			path = Screens;
			sourceTree = "<group>";
		};
		5CB7C8EA2C083961001B8F15 /* OTP */ = {
			isa = PBXGroup;
			children = (
				5C0227E82C0F552B00D04DF2 /* Actions */,
				5C0227E72C0F551F00D04DF2 /* ViewModels */,
				5C0227E62C0F550900D04DF2 /* Models */,
				5CB7C8EB2C08396E001B8F15 /* Screens */,
			);
			path = OTP;
			sourceTree = "<group>";
		};
		5CB7C8EB2C08396E001B8F15 /* Screens */ = {
			isa = PBXGroup;
			children = (
				5CB7C8EC2C08398F001B8F15 /* OTPScreen.swift */,
			);
			path = Screens;
			sourceTree = "<group>";
		};
		5CBEADE22C0D9AC9001C1E02 /* Models */ = {
			isa = PBXGroup;
			children = (
				5CBEADE32C0D9AE0001C1E02 /* ArtistSelectionModel.swift */,
			);
			path = Models;
			sourceTree = "<group>";
		};
		5CBEADE52C0DCF0C001C1E02 /* HomePage */ = {
			isa = PBXGroup;
			children = (
				5C72808E2C11C68500BA9534 /* Action */,
				5C72808D2C11C67F00BA9534 /* ViewModels */,
				5C72808C2C11C67A00BA9534 /* Models */,
				5CBEADE82C0DD3FA001C1E02 /* Screens */,
			);
			path = HomePage;
			sourceTree = "<group>";
		};
		5CBEADE82C0DD3FA001C1E02 /* Screens */ = {
			isa = PBXGroup;
			children = (
				5CBEADE62C0DCF92001C1E02 /* HomePageScreen.swift */,
				5CBEADE92C0DD5D2001C1E02 /* SliderView.swift */,
				5C7280A02C11DE5300BA9534 /* HorizontalSongsView.swift */,
				5C7280A22C11E37400BA9534 /* SongCardView.swift */,
				5C2474832C09DE2B00B35058 /* Commons */,
				5C7280A72C12159200BA9534 /* SliderPageView.swift */,
				5CD9D9242C1232F500C46159 /* ShimmerView.swift */,
				5CD9D9282C12557E00C46159 /* SongSheetView.swift */,
				5CD9D92A2C1255BE00C46159 /* PlayerControls.swift */,
				5C2799E02C13260900E81D5C /* MainView.swift */,
				5C2799E22C132E5300E81D5C /* SearchScreen.swift */,
				5C2799E82C1331E800E81D5C /* SongHorizontalView.swift */,
				5C0CE7552C13A24700EBD8B4 /* SearchBarView.swift */,
			);
			path = Screens;
			sourceTree = "<group>";
		};
/* End PBXGroup section */

/* Begin PBXNativeTarget section */
		5C78B8A02C006A36009AD656 /* Soundly */ = {
			isa = PBXNativeTarget;
			buildConfigurationList = 5C78B8AF2C006A38009AD656 /* Build configuration list for PBXNativeTarget "Soundly" */;
			buildPhases = (
				5C78B89D2C006A36009AD656 /* Sources */,
				5C78B89E2C006A36009AD656 /* Frameworks */,
				5C78B89F2C006A36009AD656 /* Resources */,
			);
			buildRules = (
				5C72809E2C11DA7A00BA9534 /* PBXBuildRule */,
				5C72809D2C11DA7100BA9534 /* PBXBuildRule */,
			);
			dependencies = (
			);
			name = Soundly;
			packageProductDependencies = (
				5C0227D62C0F31A900D04DF2 /* SwiftKeychainWrapper */,
				5C0227D82C0F34FA00D04DF2 /* SwiftKeychainWrapper */,
				5C7280992C11CDC800BA9534 /* NetworkImage */,
				5C7280A52C12148E00BA9534 /* PageView */,
			);
			productName = Soundly;
			productReference = 5C78B8A12C006A36009AD656 /* Soundly.app */;
			productType = "com.apple.product-type.application";
		};
/* End PBXNativeTarget section */

/* Begin PBXProject section */
		5C78B8992C006A36009AD656 /* Project object */ = {
			isa = PBXProject;
			attributes = {
				BuildIndependentTargetsInParallel = 1;
				LastSwiftUpdateCheck = 1520;
				LastUpgradeCheck = 1520;
				TargetAttributes = {
					5C78B8A02C006A36009AD656 = {
						CreatedOnToolsVersion = 15.2;
					};
				};
			};
			buildConfigurationList = 5C78B89C2C006A36009AD656 /* Build configuration list for PBXProject "Soundly" */;
			compatibilityVersion = "Xcode 14.0";
			developmentRegion = en;
			hasScannedForEncodings = 0;
			knownRegions = (
				en,
				Base,
			);
			mainGroup = 5C78B8982C006A36009AD656;
			packageReferences = (
				5C0227D52C0F31A900D04DF2 /* XCRemoteSwiftPackageReference "SwiftKeychainWrapper" */,
				5C7280982C11CDC700BA9534 /* XCRemoteSwiftPackageReference "NetworkImage" */,
				5C7280A42C12148E00BA9534 /* XCRemoteSwiftPackageReference "PageView" */,
			);
			productRefGroup = 5C78B8A22C006A36009AD656 /* Products */;
			projectDirPath = "";
			projectRoot = "";
			targets = (
				5C78B8A02C006A36009AD656 /* Soundly */,
			);
		};
/* End PBXProject section */

/* Begin PBXResourcesBuildPhase section */
		5C78B89F2C006A36009AD656 /* Resources */ = {
			isa = PBXResourcesBuildPhase;
			buildActionMask = 2147483647;
			files = (
				5C78B8AC2C006A38009AD656 /* Preview Assets.xcassets in Resources */,
				5C78B8A92C006A38009AD656 /* Assets.xcassets in Resources */,
			);
			runOnlyForDeploymentPostprocessing = 0;
		};
/* End PBXResourcesBuildPhase section */

/* Begin PBXSourcesBuildPhase section */
		5C78B89D2C006A36009AD656 /* Sources */ = {
			isa = PBXSourcesBuildPhase;
			buildActionMask = 2147483647;
			files = (
				5C0228032C100EED00D04DF2 /* ForgotUsernameRequest.swift in Sources */,
				5C2474852C09DE4800B35058 /* GetBoundsWidget.swift in Sources */,
				5CD9D92D2C1255F200C46159 /* SongDataModel.swift in Sources */,
				5C0CE7582C13A76700EBD8B4 /* GlobalSongViewModel.swift in Sources */,
				5C0227F62C0F8E5D00D04DF2 /* LoginRequest.swift in Sources */,
				5C0227DF2C0F479000D04DF2 /* SignUpAction.swift in Sources */,
				5C2799E92C1331E800E81D5C /* SongHorizontalView.swift in Sources */,
				5C0228072C100F1200D04DF2 /* ForgotUsernameAction.swift in Sources */,
				5CD9D9232C12300E00C46159 /* SliderAlbumModel.swift in Sources */,
				5CBEADEA2C0DD5D2001C1E02 /* SliderView.swift in Sources */,
				5CBEADE72C0DCF92001C1E02 /* HomePageScreen.swift in Sources */,
				5C02280A2C100F2800D04DF2 /* ForgotUsernameViewModel.swift in Sources */,
				5C2799E32C132E5300E81D5C /* SearchScreen.swift in Sources */,
				5C78B8A72C006A36009AD656 /* ContentView.swift in Sources */,
				5C0227E12C0F47D700D04DF2 /* SignUpViewModel.swift in Sources */,
				5C7280A82C12159200BA9534 /* SliderPageView.swift in Sources */,
				5C7280902C11C72D00BA9534 /* SongModel.swift in Sources */,
				5CD9D9272C12452000C46159 /* HorizontalSongViewModel.swift in Sources */,
				5C0CE7562C13A24800EBD8B4 /* SearchBarView.swift in Sources */,
				5CD9D92B2C1255BE00C46159 /* PlayerControls.swift in Sources */,
				5C78B8A52C006A36009AD656 /* SoundlyApp.swift in Sources */,
				5C2799E72C1330BB00E81D5C /* SongSeachAction.swift in Sources */,
				5C0CE75A2C13B10600EBD8B4 /* CurrentSongViewModel.swift in Sources */,
				5C2474822C099EC400B35058 /* LanguageSelectionScreen.swift in Sources */,
				5C7280A32C11E37400BA9534 /* SongCardView.swift in Sources */,
				5CD9D92F2C12560E00C46159 /* SongDetailsResponse.swift in Sources */,
				5CB7C8ED2C08398F001B8F15 /* OTPScreen.swift in Sources */,
				5C0CE7502C1392AC00EBD8B4 /* GetSongAction.swift in Sources */,
				5C2474872C09F42700B35058 /* ArtistSelectionScreen.swift in Sources */,
				5C0227F82C0F8E6A00D04DF2 /* LoginResponse.swift in Sources */,
				5CB7C8E92C08350A001B8F15 /* ForgotUsername.swift in Sources */,
				5C0227DD2C0F46F500D04DF2 /* Auth.swift in Sources */,
				5C2799E12C13260900E81D5C /* MainView.swift in Sources */,
				5C0227DB2C0F469E00D04DF2 /* APIError.swift in Sources */,
				5C0228052C100EFA00D04DF2 /* ForgotUsernameResponse.swift in Sources */,
				5C0227EC2C0F58AA00D04DF2 /* OTPViewModel.swift in Sources */,
				5C2799E52C13302200E81D5C /* SongSeachViewModel.swift in Sources */,
				5CBEADE42C0D9AE0001C1E02 /* ArtistSelectionModel.swift in Sources */,
				5C7280922C11C74400BA9534 /* SongResponse.swift in Sources */,
				5C0227FC2C0F91A400D04DF2 /* LoginAction.swift in Sources */,
				5CD9D9252C1232F500C46159 /* ShimmerView.swift in Sources */,
				5C0227F02C0F599000D04DF2 /* OTPResponse.swift in Sources */,
				5C78B8B92C007251009AD656 /* GetStartedScreen.swift in Sources */,
				5C0227FA2C0F915000D04DF2 /* LoginViewModel.swift in Sources */,
				5C7280A12C11DE5300BA9534 /* HorizontalSongsView.swift in Sources */,
				5C0227E52C0F480300D04DF2 /* SignUpResponse.swift in Sources */,
				5C7280952C11C7A500BA9534 /* PublicSongsAction.swift in Sources */,
				5C0CE7522C13934C00EBD8B4 /* SongDetailRequest.swift in Sources */,
				5C78B8BD2C00C0F9009AD656 /* SIgnUpScreen.swift in Sources */,
				5C0227E32C0F47EF00D04DF2 /* SignUpRequest.swift in Sources */,
				5CD9D9292C12557E00C46159 /* SongSheetView.swift in Sources */,
				5C2799EB2C13486200E81D5C /* MusicPlayerManager.swift in Sources */,
				5C0227EA2C0F589900D04DF2 /* OTPAction.swift in Sources */,
				5C0227C62C0F2BE100D04DF2 /* APIRequest.swift in Sources */,
				5C72809C2C11D14F00BA9534 /* NetworkImage.swift in Sources */,
				5CB7C8E72C083292001B8F15 /* LoginScreen.swift in Sources */,
				5C0227EE2C0F58B900D04DF2 /* OTPRequest.swift in Sources */,
				5C7280972C11C91800BA9534 /* SongRequest.swift in Sources */,
			);
			runOnlyForDeploymentPostprocessing = 0;
		};
/* End PBXSourcesBuildPhase section */

/* Begin XCBuildConfiguration section */
		5C78B8AD2C006A38009AD656 /* Debug */ = {
			isa = XCBuildConfiguration;
			buildSettings = {
				ALWAYS_SEARCH_USER_PATHS = NO;
				ASSETCATALOG_COMPILER_GENERATE_SWIFT_ASSET_SYMBOL_EXTENSIONS = YES;
				CLANG_ANALYZER_NONNULL = YES;
				CLANG_ANALYZER_NUMBER_OBJECT_CONVERSION = YES_AGGRESSIVE;
				CLANG_CXX_LANGUAGE_STANDARD = "gnu++20";
				CLANG_ENABLE_MODULES = YES;
				CLANG_ENABLE_OBJC_ARC = YES;
				CLANG_ENABLE_OBJC_WEAK = YES;
				CLANG_WARN_BLOCK_CAPTURE_AUTORELEASING = YES;
				CLANG_WARN_BOOL_CONVERSION = YES;
				CLANG_WARN_COMMA = YES;
				CLANG_WARN_CONSTANT_CONVERSION = YES;
				CLANG_WARN_DEPRECATED_OBJC_IMPLEMENTATIONS = YES;
				CLANG_WARN_DIRECT_OBJC_ISA_USAGE = YES_ERROR;
				CLANG_WARN_DOCUMENTATION_COMMENTS = YES;
				CLANG_WARN_EMPTY_BODY = YES;
				CLANG_WARN_ENUM_CONVERSION = YES;
				CLANG_WARN_INFINITE_RECURSION = YES;
				CLANG_WARN_INT_CONVERSION = YES;
				CLANG_WARN_NON_LITERAL_NULL_CONVERSION = YES;
				CLANG_WARN_OBJC_IMPLICIT_RETAIN_SELF = YES;
				CLANG_WARN_OBJC_LITERAL_CONVERSION = YES;
				CLANG_WARN_OBJC_ROOT_CLASS = YES_ERROR;
				CLANG_WARN_QUOTED_INCLUDE_IN_FRAMEWORK_HEADER = YES;
				CLANG_WARN_RANGE_LOOP_ANALYSIS = YES;
				CLANG_WARN_STRICT_PROTOTYPES = YES;
				CLANG_WARN_SUSPICIOUS_MOVE = YES;
				CLANG_WARN_UNGUARDED_AVAILABILITY = YES_AGGRESSIVE;
				CLANG_WARN_UNREACHABLE_CODE = YES;
				CLANG_WARN__DUPLICATE_METHOD_MATCH = YES;
				COPY_PHASE_STRIP = NO;
				DEBUG_INFORMATION_FORMAT = dwarf;
				ENABLE_STRICT_OBJC_MSGSEND = YES;
				ENABLE_TESTABILITY = YES;
				ENABLE_USER_SCRIPT_SANDBOXING = YES;
				GCC_C_LANGUAGE_STANDARD = gnu17;
				GCC_DYNAMIC_NO_PIC = NO;
				GCC_NO_COMMON_BLOCKS = YES;
				GCC_OPTIMIZATION_LEVEL = 0;
				GCC_PREPROCESSOR_DEFINITIONS = (
					"DEBUG=1",
					"$(inherited)",
				);
				GCC_WARN_64_TO_32_BIT_CONVERSION = YES;
				GCC_WARN_ABOUT_RETURN_TYPE = YES_ERROR;
				GCC_WARN_UNDECLARED_SELECTOR = YES;
				GCC_WARN_UNINITIALIZED_AUTOS = YES_AGGRESSIVE;
				GCC_WARN_UNUSED_FUNCTION = YES;
				GCC_WARN_UNUSED_VARIABLE = YES;
				IPHONEOS_DEPLOYMENT_TARGET = 17.2;
				LOCALIZATION_PREFERS_STRING_CATALOGS = YES;
				MTL_ENABLE_DEBUG_INFO = INCLUDE_SOURCE;
				MTL_FAST_MATH = YES;
				ONLY_ACTIVE_ARCH = YES;
				SDKROOT = iphoneos;
				SWIFT_ACTIVE_COMPILATION_CONDITIONS = "DEBUG $(inherited)";
				SWIFT_OPTIMIZATION_LEVEL = "-Onone";
			};
			name = Debug;
		};
		5C78B8AE2C006A38009AD656 /* Release */ = {
			isa = XCBuildConfiguration;
			buildSettings = {
				ALWAYS_SEARCH_USER_PATHS = NO;
				ASSETCATALOG_COMPILER_GENERATE_SWIFT_ASSET_SYMBOL_EXTENSIONS = YES;
				CLANG_ANALYZER_NONNULL = YES;
				CLANG_ANALYZER_NUMBER_OBJECT_CONVERSION = YES_AGGRESSIVE;
				CLANG_CXX_LANGUAGE_STANDARD = "gnu++20";
				CLANG_ENABLE_MODULES = YES;
				CLANG_ENABLE_OBJC_ARC = YES;
				CLANG_ENABLE_OBJC_WEAK = YES;
				CLANG_WARN_BLOCK_CAPTURE_AUTORELEASING = YES;
				CLANG_WARN_BOOL_CONVERSION = YES;
				CLANG_WARN_COMMA = YES;
				CLANG_WARN_CONSTANT_CONVERSION = YES;
				CLANG_WARN_DEPRECATED_OBJC_IMPLEMENTATIONS = YES;
				CLANG_WARN_DIRECT_OBJC_ISA_USAGE = YES_ERROR;
				CLANG_WARN_DOCUMENTATION_COMMENTS = YES;
				CLANG_WARN_EMPTY_BODY = YES;
				CLANG_WARN_ENUM_CONVERSION = YES;
				CLANG_WARN_INFINITE_RECURSION = YES;
				CLANG_WARN_INT_CONVERSION = YES;
				CLANG_WARN_NON_LITERAL_NULL_CONVERSION = YES;
				CLANG_WARN_OBJC_IMPLICIT_RETAIN_SELF = YES;
				CLANG_WARN_OBJC_LITERAL_CONVERSION = YES;
				CLANG_WARN_OBJC_ROOT_CLASS = YES_ERROR;
				CLANG_WARN_QUOTED_INCLUDE_IN_FRAMEWORK_HEADER = YES;
				CLANG_WARN_RANGE_LOOP_ANALYSIS = YES;
				CLANG_WARN_STRICT_PROTOTYPES = YES;
				CLANG_WARN_SUSPICIOUS_MOVE = YES;
				CLANG_WARN_UNGUARDED_AVAILABILITY = YES_AGGRESSIVE;
				CLANG_WARN_UNREACHABLE_CODE = YES;
				CLANG_WARN__DUPLICATE_METHOD_MATCH = YES;
				COPY_PHASE_STRIP = NO;
				DEBUG_INFORMATION_FORMAT = "dwarf-with-dsym";
				ENABLE_NS_ASSERTIONS = NO;
				ENABLE_STRICT_OBJC_MSGSEND = YES;
				ENABLE_USER_SCRIPT_SANDBOXING = YES;
				GCC_C_LANGUAGE_STANDARD = gnu17;
				GCC_NO_COMMON_BLOCKS = YES;
				GCC_WARN_64_TO_32_BIT_CONVERSION = YES;
				GCC_WARN_ABOUT_RETURN_TYPE = YES_ERROR;
				GCC_WARN_UNDECLARED_SELECTOR = YES;
				GCC_WARN_UNINITIALIZED_AUTOS = YES_AGGRESSIVE;
				GCC_WARN_UNUSED_FUNCTION = YES;
				GCC_WARN_UNUSED_VARIABLE = YES;
				IPHONEOS_DEPLOYMENT_TARGET = 17.2;
				LOCALIZATION_PREFERS_STRING_CATALOGS = YES;
				MTL_ENABLE_DEBUG_INFO = NO;
				MTL_FAST_MATH = YES;
				SDKROOT = iphoneos;
				SWIFT_COMPILATION_MODE = wholemodule;
				VALIDATE_PRODUCT = YES;
			};
			name = Release;
		};
		5C78B8B02C006A38009AD656 /* Debug */ = {
			isa = XCBuildConfiguration;
			buildSettings = {
				ASSETCATALOG_COMPILER_APPICON_NAME = AppIcon;
				ASSETCATALOG_COMPILER_GLOBAL_ACCENT_COLOR_NAME = AccentColor;
				CODE_SIGN_STYLE = Automatic;
				CURRENT_PROJECT_VERSION = 1;
				DEVELOPMENT_ASSET_PATHS = "\"Soundly/Preview Content\"";
				DEVELOPMENT_TEAM = 57Y8VNA6WW;
				ENABLE_PREVIEWS = YES;
				GENERATE_INFOPLIST_FILE = YES;
				INFOPLIST_FILE = Soundly/Info.plist;
				INFOPLIST_KEY_UIApplicationSceneManifest_Generation = YES;
				INFOPLIST_KEY_UIApplicationSupportsIndirectInputEvents = YES;
				INFOPLIST_KEY_UILaunchScreen_Generation = YES;
				INFOPLIST_KEY_UISupportedInterfaceOrientations_iPad = "UIInterfaceOrientationPortrait UIInterfaceOrientationPortraitUpsideDown UIInterfaceOrientationLandscapeLeft UIInterfaceOrientationLandscapeRight";
				INFOPLIST_KEY_UISupportedInterfaceOrientations_iPhone = "UIInterfaceOrientationPortrait UIInterfaceOrientationLandscapeLeft UIInterfaceOrientationLandscapeRight";
				LD_RUNPATH_SEARCH_PATHS = (
					"$(inherited)",
					"@executable_path/Frameworks",
				);
				MARKETING_VERSION = 1.0;
				PRODUCT_BUNDLE_IDENTIFIER = demolisherguts.Soundly;
				PRODUCT_NAME = "$(TARGET_NAME)";
				SWIFT_EMIT_LOC_STRINGS = YES;
				SWIFT_VERSION = 5.0;
				TARGETED_DEVICE_FAMILY = "1,2";
				a = "";
			};
			name = Debug;
		};
		5C78B8B12C006A38009AD656 /* Release */ = {
			isa = XCBuildConfiguration;
			buildSettings = {
				ASSETCATALOG_COMPILER_APPICON_NAME = AppIcon;
				ASSETCATALOG_COMPILER_GLOBAL_ACCENT_COLOR_NAME = AccentColor;
				CODE_SIGN_STYLE = Automatic;
				CURRENT_PROJECT_VERSION = 1;
				DEVELOPMENT_ASSET_PATHS = "\"Soundly/Preview Content\"";
				DEVELOPMENT_TEAM = 57Y8VNA6WW;
				ENABLE_PREVIEWS = YES;
				GENERATE_INFOPLIST_FILE = YES;
				INFOPLIST_FILE = Soundly/Info.plist;
				INFOPLIST_KEY_UIApplicationSceneManifest_Generation = YES;
				INFOPLIST_KEY_UIApplicationSupportsIndirectInputEvents = YES;
				INFOPLIST_KEY_UILaunchScreen_Generation = YES;
				INFOPLIST_KEY_UISupportedInterfaceOrientations_iPad = "UIInterfaceOrientationPortrait UIInterfaceOrientationPortraitUpsideDown UIInterfaceOrientationLandscapeLeft UIInterfaceOrientationLandscapeRight";
				INFOPLIST_KEY_UISupportedInterfaceOrientations_iPhone = "UIInterfaceOrientationPortrait UIInterfaceOrientationLandscapeLeft UIInterfaceOrientationLandscapeRight";
				LD_RUNPATH_SEARCH_PATHS = (
					"$(inherited)",
					"@executable_path/Frameworks",
				);
				MARKETING_VERSION = 1.0;
				PRODUCT_BUNDLE_IDENTIFIER = demolisherguts.Soundly;
				PRODUCT_NAME = "$(TARGET_NAME)";
				SWIFT_EMIT_LOC_STRINGS = YES;
				SWIFT_VERSION = 5.0;
				TARGETED_DEVICE_FAMILY = "1,2";
				a = "";
			};
			name = Release;
		};
/* End XCBuildConfiguration section */

/* Begin XCConfigurationList section */
		5C78B89C2C006A36009AD656 /* Build configuration list for PBXProject "Soundly" */ = {
			isa = XCConfigurationList;
			buildConfigurations = (
				5C78B8AD2C006A38009AD656 /* Debug */,
				5C78B8AE2C006A38009AD656 /* Release */,
			);
			defaultConfigurationIsVisible = 0;
			defaultConfigurationName = Release;
		};
		5C78B8AF2C006A38009AD656 /* Build configuration list for PBXNativeTarget "Soundly" */ = {
			isa = XCConfigurationList;
			buildConfigurations = (
				5C78B8B02C006A38009AD656 /* Debug */,
				5C78B8B12C006A38009AD656 /* Release */,
			);
			defaultConfigurationIsVisible = 0;
			defaultConfigurationName = Release;
		};
/* End XCConfigurationList section */

/* Begin XCRemoteSwiftPackageReference section */
		5C0227D52C0F31A900D04DF2 /* XCRemoteSwiftPackageReference "SwiftKeychainWrapper" */ = {
			isa = XCRemoteSwiftPackageReference;
			repositoryURL = "https://github.com/jrendel/SwiftKeychainWrapper";
			requirement = {
				kind = upToNextMajorVersion;
				minimumVersion = 4.0.1;
			};
		};
		5C7280982C11CDC700BA9534 /* XCRemoteSwiftPackageReference "NetworkImage" */ = {
			isa = XCRemoteSwiftPackageReference;
			repositoryURL = "https://github.com/gonzalezreal/NetworkImage";
			requirement = {
				kind = upToNextMajorVersion;
				minimumVersion = 6.0.0;
			};
		};
		5C7280A42C12148E00BA9534 /* XCRemoteSwiftPackageReference "PageView" */ = {
			isa = XCRemoteSwiftPackageReference;
			repositoryURL = "https://github.com/fredyshox/PageView.git";
			requirement = {
				kind = upToNextMajorVersion;
				minimumVersion = 1.5.1;
			};
		};
/* End XCRemoteSwiftPackageReference section */

/* Begin XCSwiftPackageProductDependency section */
		5C0227D62C0F31A900D04DF2 /* SwiftKeychainWrapper */ = {
			isa = XCSwiftPackageProductDependency;
			package = 5C0227D52C0F31A900D04DF2 /* XCRemoteSwiftPackageReference "SwiftKeychainWrapper" */;
			productName = SwiftKeychainWrapper;
		};
		5C0227D82C0F34FA00D04DF2 /* SwiftKeychainWrapper */ = {
			isa = XCSwiftPackageProductDependency;
			package = 5C0227D52C0F31A900D04DF2 /* XCRemoteSwiftPackageReference "SwiftKeychainWrapper" */;
			productName = SwiftKeychainWrapper;
		};
		5C7280992C11CDC800BA9534 /* NetworkImage */ = {
			isa = XCSwiftPackageProductDependency;
			package = 5C7280982C11CDC700BA9534 /* XCRemoteSwiftPackageReference "NetworkImage" */;
			productName = NetworkImage;
		};
		5C7280A52C12148E00BA9534 /* PageView */ = {
			isa = XCSwiftPackageProductDependency;
			package = 5C7280A42C12148E00BA9534 /* XCRemoteSwiftPackageReference "PageView" */;
			productName = PageView;
		};
/* End XCSwiftPackageProductDependency section */
	};
	rootObject = 5C78B8992C006A36009AD656 /* Project object */;
}
