{
  "originHash" : "199ca529f797e5e65b89e5e244cb38fef41144367cbef2f308e87f6b9c4f3dd0",
  "pins" : [
    {
      "identity" : "networkimage",
      "kind" : "remoteSourceControl",
      "location" : "https://github.com/gonzalezreal/NetworkImage",
      "state" : {
        "revision" : "7aff8d1b31148d32c5933d75557d42f6323ee3d1",
        "version" : "6.0.0"
      }
    },
    {
      "identity" : "pageview",
      "kind" : "remoteSourceControl",
      "location" : "https://github.com/fredyshox/PageView.git",
      "state" : {
        "revision" : "b70afdef6379006bc91444f144d83ffe4e48f949",
        "version" : "1.5.1"
      }
    },
    {
      "identity" : "swiftkeychainwrapper",
      "kind" : "remoteSourceControl",
      "location" : "https://github.com/jrendel/SwiftKeychainWrapper",
      "state" : {
        "revision" : "185a3165346a03767101c4f62e9a545a0fe0530f",
        "version" : "4.0.1"
      }
    },
    {
      "identity" : "toast-swift",
      "kind" : "remoteSourceControl",
      "location" : "https://github.com/BastiaanJansen/Toast-Swift",
      "state" : {
        "revision" : "9a40b722b6eeb9683d47e3584501e81525741291",
        "version" : "2.1.2"
      }
    }
  ],
  "version" : 3
}
